// !$*UTF8*$!
{
	archiveVersion = 1;
	classes = {
	};
	objectVersion = 46;
	objects = {

/* Begin PBXBuildFile section */
		D66FBFCF18FC5F5B0059D1E2 /* Foundation.framework in Frameworks */ = {isa = PBXBuildFile; fileRef = D66FBFCE18FC5F5B0059D1E2 /* Foundation.framework */; };
		D66FBFD118FC5F5B0059D1E2 /* CoreGraphics.framework in Frameworks */ = {isa = PBXBuildFile; fileRef = D66FBFD018FC5F5B0059D1E2 /* CoreGraphics.framework */; };
		D66FBFD318FC5F5B0059D1E2 /* UIKit.framework in Frameworks */ = {isa = PBXBuildFile; fileRef = D66FBFD218FC5F5B0059D1E2 /* UIKit.framework */; };
		D66FBFD918FC5F5B0059D1E2 /* InfoPlist.strings in Resources */ = {isa = PBXBuildFile; fileRef = D66FBFD718FC5F5B0059D1E2 /* InfoPlist.strings */; };
		D66FBFDB18FC5F5B0059D1E2 /* main.m in Sources */ = {isa = PBXBuildFile; fileRef = D66FBFDA18FC5F5B0059D1E2 /* main.m */; };
		D66FBFDF18FC5F5B0059D1E2 /* AppDelegate.m in Sources */ = {isa = PBXBuildFile; fileRef = D66FBFDE18FC5F5B0059D1E2 /* AppDelegate.m */; };
		D66FBFE218FC5F5B0059D1E2 /* Main.storyboard in Resources */ = {isa = PBXBuildFile; fileRef = D66FBFE018FC5F5B0059D1E2 /* Main.storyboard */; };
		D66FBFE518FC5F5B0059D1E2 /* ViewController.m in Sources */ = {isa = PBXBuildFile; fileRef = D66FBFE418FC5F5B0059D1E2 /* ViewController.m */; };
		D66FBFE718FC5F5B0059D1E2 /* Images.xcassets in Resources */ = {isa = PBXBuildFile; fileRef = D66FBFE618FC5F5B0059D1E2 /* Images.xcassets */; };
		D66FBFEE18FC5F5B0059D1E2 /* XCTest.framework in Frameworks */ = {isa = PBXBuildFile; fileRef = D66FBFED18FC5F5B0059D1E2 /* XCTest.framework */; };
		D66FBFEF18FC5F5B0059D1E2 /* Foundation.framework in Frameworks */ = {isa = PBXBuildFile; fileRef = D66FBFCE18FC5F5B0059D1E2 /* Foundation.framework */; };
		D66FBFF018FC5F5B0059D1E2 /* UIKit.framework in Frameworks */ = {isa = PBXBuildFile; fileRef = D66FBFD218FC5F5B0059D1E2 /* UIKit.framework */; };
		D66FBFF818FC5F5B0059D1E2 /* InfoPlist.strings in Resources */ = {isa = PBXBuildFile; fileRef = D66FBFF618FC5F5B0059D1E2 /* InfoPlist.strings */; };
		D66FBFFA18FC5F5B0059D1E2 /* autoLayoutDay1Tests.m in Sources */ = {isa = PBXBuildFile; fileRef = D66FBFF918FC5F5B0059D1E2 /* autoLayoutDay1Tests.m */; };
/* End PBXBuildFile section */

/* Begin PBXContainerItemProxy section */
		D66FBFF118FC5F5B0059D1E2 /* PBXContainerItemProxy */ = {
			isa = PBXContainerItemProxy;
			containerPortal = D66FBFC318FC5F5B0059D1E2 /* Project object */;
			proxyType = 1;
			remoteGlobalIDString = D66FBFCA18FC5F5B0059D1E2;
			remoteInfo = autoLayoutDay1;
		};
/* End PBXContainerItemProxy section */

/* Begin PBXFileReference section */
		D66FBFCB18FC5F5B0059D1E2 /* autoLayoutDay1.app */ = {isa = PBXFileReference; explicitFileType = wrapper.application; includeInIndex = 0; path = autoLayoutDay1.app; sourceTree = BUILT_PRODUCTS_DIR; };
		D66FBFCE18FC5F5B0059D1E2 /* Foundation.framework */ = {isa = PBXFileReference; lastKnownFileType = wrapper.framework; name = Foundation.framework; path = System/Library/Frameworks/Foundation.framework; sourceTree = SDKROOT; };
		D66FBFD018FC5F5B0059D1E2 /* CoreGraphics.framework */ = {isa = PBXFileReference; lastKnownFileType = wrapper.framework; name = CoreGraphics.framework; path = System/Library/Frameworks/CoreGraphics.framework; sourceTree = SDKROOT; };
		D66FBFD218FC5F5B0059D1E2 /* UIKit.framework */ = {isa = PBXFileReference; lastKnownFileType = wrapper.framework; name = UIKit.framework; path = System/Library/Frameworks/UIKit.framework; sourceTree = SDKROOT; };
		D66FBFD618FC5F5B0059D1E2 /* autoLayoutDay1-Info.plist */ = {isa = PBXFileReference; lastKnownFileType = text.plist.xml; path = "autoLayoutDay1-Info.plist"; sourceTree = "<group>"; };
		D66FBFD818FC5F5B0059D1E2 /* en */ = {isa = PBXFileReference; lastKnownFileType = text.plist.strings; name = en; path = en.lproj/InfoPlist.strings; sourceTree = "<group>"; };
		D66FBFDA18FC5F5B0059D1E2 /* main.m */ = {isa = PBXFileReference; lastKnownFileType = sourcecode.c.objc; path = main.m; sourceTree = "<group>"; };
		D66FBFDC18FC5F5B0059D1E2 /* autoLayoutDay1-Prefix.pch */ = {isa = PBXFileReference; lastKnownFileType = sourcecode.c.h; path = "autoLayoutDay1-Prefix.pch"; sourceTree = "<group>"; };
		D66FBFDD18FC5F5B0059D1E2 /* AppDelegate.h */ = {isa = PBXFileReference; lastKnownFileType = sourcecode.c.h; path = AppDelegate.h; sourceTree = "<group>"; };
		D66FBFDE18FC5F5B0059D1E2 /* AppDelegate.m */ = {isa = PBXFileReference; lastKnownFileType = sourcecode.c.objc; path = AppDelegate.m; sourceTree = "<group>"; };
		D66FBFE118FC5F5B0059D1E2 /* Base */ = {isa = PBXFileReference; lastKnownFileType = file.storyboard; name = Base; path = Base.lproj/Main.storyboard; sourceTree = "<group>"; };
		D66FBFE318FC5F5B0059D1E2 /* ViewController.h */ = {isa = PBXFileReference; lastKnownFileType = sourcecode.c.h; path = ViewController.h; sourceTree = "<group>"; };
		D66FBFE418FC5F5B0059D1E2 /* ViewController.m */ = {isa = PBXFileReference; lastKnownFileType = sourcecode.c.objc; path = ViewController.m; sourceTree = "<group>"; };
		D66FBFE618FC5F5B0059D1E2 /* Images.xcassets */ = {isa = PBXFileReference; lastKnownFileType = folder.assetcatalog; path = Images.xcassets; sourceTree = "<group>"; };
		D66FBFEC18FC5F5B0059D1E2 /* autoLayoutDay1Tests.xctest */ = {isa = PBXFileReference; explicitFileType = wrapper.cfbundle; includeInIndex = 0; path = autoLayoutDay1Tests.xctest; sourceTree = BUILT_PRODUCTS_DIR; };
		D66FBFED18FC5F5B0059D1E2 /* XCTest.framework */ = {isa = PBXFileReference; lastKnownFileType = wrapper.framework; name = XCTest.framework; path = Library/Frameworks/XCTest.framework; sourceTree = DEVELOPER_DIR; };
		D66FBFF518FC5F5B0059D1E2 /* autoLayoutDay1Tests-Info.plist */ = {isa = PBXFileReference; lastKnownFileType = text.plist.xml; path = "autoLayoutDay1Tests-Info.plist"; sourceTree = "<group>"; };
		D66FBFF718FC5F5B0059D1E2 /* en */ = {isa = PBXFileReference; lastKnownFileType = text.plist.strings; name = en; path = en.lproj/InfoPlist.strings; sourceTree = "<group>"; };
		D66FBFF918FC5F5B0059D1E2 /* autoLayoutDay1Tests.m */ = {isa = PBXFileReference; lastKnownFileType = sourcecode.c.objc; path = autoLayoutDay1Tests.m; sourceTree = "<group>"; };
/* End PBXFileReference section */

/* Begin PBXFrameworksBuildPhase section */
		D66FBFC818FC5F5B0059D1E2 /* Frameworks */ = {
			isa = PBXFrameworksBuildPhase;
			buildActionMask = 2147483647;
			files = (
				D66FBFD118FC5F5B0059D1E2 /* CoreGraphics.framework in Frameworks */,
				D66FBFD318FC5F5B0059D1E2 /* UIKit.framework in Frameworks */,
				D66FBFCF18FC5F5B0059D1E2 /* Foundation.framework in Frameworks */,
			);
			runOnlyForDeploymentPostprocessing = 0;
		};
		D66FBFE918FC5F5B0059D1E2 /* Frameworks */ = {
			isa = PBXFrameworksBuildPhase;
			buildActionMask = 2147483647;
			files = (
				D66FBFEE18FC5F5B0059D1E2 /* XCTest.framework in Frameworks */,
				D66FBFF018FC5F5B0059D1E2 /* UIKit.framework in Frameworks */,
				D66FBFEF18FC5F5B0059D1E2 /* Foundation.framework in Frameworks */,
			);
			runOnlyForDeploymentPostprocessing = 0;
		};
/* End PBXFrameworksBuildPhase section */

/* Begin PBXGroup section */
		D66FBFC218FC5F5B0059D1E2 = {
			isa = PBXGroup;
			children = (
				D66FBFD418FC5F5B0059D1E2 /* autoLayoutDay1 */,
				D66FBFF318FC5F5B0059D1E2 /* autoLayoutDay1Tests */,
				D66FBFCD18FC5F5B0059D1E2 /* Frameworks */,
				D66FBFCC18FC5F5B0059D1E2 /* Products */,
			);
			sourceTree = "<group>";
		};
		D66FBFCC18FC5F5B0059D1E2 /* Products */ = {
			isa = PBXGroup;
			children = (
				D66FBFCB18FC5F5B0059D1E2 /* autoLayoutDay1.app */,
				D66FBFEC18FC5F5B0059D1E2 /* autoLayoutDay1Tests.xctest */,
			);
			name = Products;
			sourceTree = "<group>";
		};
		D66FBFCD18FC5F5B0059D1E2 /* Frameworks */ = {
			isa = PBXGroup;
			children = (
				D66FBFCE18FC5F5B0059D1E2 /* Foundation.framework */,
				D66FBFD018FC5F5B0059D1E2 /* CoreGraphics.framework */,
				D66FBFD218FC5F5B0059D1E2 /* UIKit.framework */,
				D66FBFED18FC5F5B0059D1E2 /* XCTest.framework */,
			);
			name = Frameworks;
			sourceTree = "<group>";
		};
		D66FBFD418FC5F5B0059D1E2 /* autoLayoutDay1 */ = {
			isa = PBXGroup;
			children = (
				D66FBFDD18FC5F5B0059D1E2 /* AppDelegate.h */,
				D66FBFDE18FC5F5B0059D1E2 /* AppDelegate.m */,
				D66FBFE018FC5F5B0059D1E2 /* Main.storyboard */,
				D66FBFE318FC5F5B0059D1E2 /* ViewController.h */,
				D66FBFE418FC5F5B0059D1E2 /* ViewController.m */,
				D66FBFE618FC5F5B0059D1E2 /* Images.xcassets */,
				D66FBFD518FC5F5B0059D1E2 /* Supporting Files */,
			);
			path = autoLayoutDay1;
			sourceTree = "<group>";
		};
		D66FBFD518FC5F5B0059D1E2 /* Supporting Files */ = {
			isa = PBXGroup;
			children = (
				D66FBFD618FC5F5B0059D1E2 /* autoLayoutDay1-Info.plist */,
				D66FBFD718FC5F5B0059D1E2 /* InfoPlist.strings */,
				D66FBFDA18FC5F5B0059D1E2 /* main.m */,
				D66FBFDC18FC5F5B0059D1E2 /* autoLayoutDay1-Prefix.pch */,
			);
			name = "Supporting Files";
			sourceTree = "<group>";
		};
		D66FBFF318FC5F5B0059D1E2 /* autoLayoutDay1Tests */ = {
			isa = PBXGroup;
			children = (
				D66FBFF918FC5F5B0059D1E2 /* autoLayoutDay1Tests.m */,
				D66FBFF418FC5F5B0059D1E2 /* Supporting Files */,
			);
			path = autoLayoutDay1Tests;
			sourceTree = "<group>";
		};
		D66FBFF418FC5F5B0059D1E2 /* Supporting Files */ = {
			isa = PBXGroup;
			children = (
				D66FBFF518FC5F5B0059D1E2 /* autoLayoutDay1Tests-Info.plist */,
				D66FBFF618FC5F5B0059D1E2 /* InfoPlist.strings */,
			);
			name = "Supporting Files";
			sourceTree = "<group>";
		};
/* End PBXGroup section */

/* Begin PBXNativeTarget section */
		D66FBFCA18FC5F5B0059D1E2 /* autoLayoutDay1 */ = {
			isa = PBXNativeTarget;
			buildConfigurationList = D66FBFFD18FC5F5B0059D1E2 /* Build configuration list for PBXNativeTarget "autoLayoutDay1" */;
			buildPhases = (
				D66FBFC718FC5F5B0059D1E2 /* Sources */,
				D66FBFC818FC5F5B0059D1E2 /* Frameworks */,
				D66FBFC918FC5F5B0059D1E2 /* Resources */,
			);
			buildRules = (
			);
			dependencies = (
			);
			name = autoLayoutDay1;
			productName = autoLayoutDay1;
			productReference = D66FBFCB18FC5F5B0059D1E2 /* autoLayoutDay1.app */;
			productType = "com.apple.product-type.application";
		};
		D66FBFEB18FC5F5B0059D1E2 /* autoLayoutDay1Tests */ = {
			isa = PBXNativeTarget;
			buildConfigurationList = D66FC00018FC5F5B0059D1E2 /* Build configuration list for PBXNativeTarget "autoLayoutDay1Tests" */;
			buildPhases = (
				D66FBFE818FC5F5B0059D1E2 /* Sources */,
				D66FBFE918FC5F5B0059D1E2 /* Frameworks */,
				D66FBFEA18FC5F5B0059D1E2 /* Resources */,
			);
			buildRules = (
			);
			dependencies = (
				D66FBFF218FC5F5B0059D1E2 /* PBXTargetDependency */,
			);
			name = autoLayoutDay1Tests;
			productName = autoLayoutDay1Tests;
			productReference = D66FBFEC18FC5F5B0059D1E2 /* autoLayoutDay1Tests.xctest */;
			productType = "com.apple.product-type.bundle.unit-test";
		};
/* End PBXNativeTarget section */

/* Begin PBXProject section */
		D66FBFC318FC5F5B0059D1E2 /* Project object */ = {
			isa = PBXProject;
			attributes = {
				LastUpgradeCheck = 0510;
				ORGANIZATIONNAME = Fairbanksdan;
				TargetAttributes = {
					D66FBFEB18FC5F5B0059D1E2 = {
						TestTargetID = D66FBFCA18FC5F5B0059D1E2;
					};
				};
			};
			buildConfigurationList = D66FBFC618FC5F5B0059D1E2 /* Build configuration list for PBXProject "autoLayoutDay1" */;
			compatibilityVersion = "Xcode 3.2";
			developmentRegion = English;
			hasScannedForEncodings = 0;
			knownRegions = (
				en,
				Base,
			);
			mainGroup = D66FBFC218FC5F5B0059D1E2;
			productRefGroup = D66FBFCC18FC5F5B0059D1E2 /* Products */;
			projectDirPath = "";
			projectRoot = "";
			targets = (
				D66FBFCA18FC5F5B0059D1E2 /* autoLayoutDay1 */,
				D66FBFEB18FC5F5B0059D1E2 /* autoLayoutDay1Tests */,
			);
		};
/* End PBXProject section */

/* Begin PBXResourcesBuildPhase section */
		D66FBFC918FC5F5B0059D1E2 /* Resources */ = {
			isa = PBXResourcesBuildPhase;
			buildActionMask = 2147483647;
			files = (
				D66FBFE718FC5F5B0059D1E2 /* Images.xcassets in Resources */,
				D66FBFD918FC5F5B0059D1E2 /* InfoPlist.strings in Resources */,
				D66FBFE218FC5F5B0059D1E2 /* Main.storyboard in Resources */,
			);
			runOnlyForDeploymentPostprocessing = 0;
		};
		D66FBFEA18FC5F5B0059D1E2 /* Resources */ = {
			isa = PBXResourcesBuildPhase;
			buildActionMask = 2147483647;
			files = (
				D66FBFF818FC5F5B0059D1E2 /* InfoPlist.strings in Resources */,
			);
			runOnlyForDeploymentPostprocessing = 0;
		};
/* End PBXResourcesBuildPhase section */

/* Begin PBXSourcesBuildPhase section */
		D66FBFC718FC5F5B0059D1E2 /* Sources */ = {
			isa = PBXSourcesBuildPhase;
			buildActionMask = 2147483647;
			files = (
				D66FBFE518FC5F5B0059D1E2 /* ViewController.m in Sources */,
				D66FBFDF18FC5F5B0059D1E2 /* AppDelegate.m in Sources */,
				D66FBFDB18FC5F5B0059D1E2 /* main.m in Sources */,
			);
			runOnlyForDeploymentPostprocessing = 0;
		};
		D66FBFE818FC5F5B0059D1E2 /* Sources */ = {
			isa = PBXSourcesBuildPhase;
			buildActionMask = 2147483647;
			files = (
				D66FBFFA18FC5F5B0059D1E2 /* autoLayoutDay1Tests.m in Sources */,
			);
			runOnlyForDeploymentPostprocessing = 0;
		};
/* End PBXSourcesBuildPhase section */

/* Begin PBXTargetDependency section */
		D66FBFF218FC5F5B0059D1E2 /* PBXTargetDependency */ = {
			isa = PBXTargetDependency;
			target = D66FBFCA18FC5F5B0059D1E2 /* autoLayoutDay1 */;
			targetProxy = D66FBFF118FC5F5B0059D1E2 /* PBXContainerItemProxy */;
		};
/* End PBXTargetDependency section */

/* Begin PBXVariantGroup section */
		D66FBFD718FC5F5B0059D1E2 /* InfoPlist.strings */ = {
			isa = PBXVariantGroup;
			children = (
				D66FBFD818FC5F5B0059D1E2 /* en */,
			);
			name = InfoPlist.strings;
			sourceTree = "<group>";
		};
		D66FBFE018FC5F5B0059D1E2 /* Main.storyboard */ = {
			isa = PBXVariantGroup;
			children = (
				D66FBFE118FC5F5B0059D1E2 /* Base */,
			);
			name = Main.storyboard;
			sourceTree = "<group>";
		};
		D66FBFF618FC5F5B0059D1E2 /* InfoPlist.strings */ = {
			isa = PBXVariantGroup;
			children = (
				D66FBFF718FC5F5B0059D1E2 /* en */,
			);
			name = InfoPlist.strings;
			sourceTree = "<group>";
		};
/* End PBXVariantGroup section */

/* Begin XCBuildConfiguration section */
		D66FBFFB18FC5F5B0059D1E2 /* Debug */ = {
			isa = XCBuildConfiguration;
			buildSettings = {
				ALWAYS_SEARCH_USER_PATHS = NO;
				CLANG_CXX_LANGUAGE_STANDARD = "gnu++0x";
				CLANG_CXX_LIBRARY = "libc++";
				CLANG_ENABLE_MODULES = YES;
				CLANG_ENABLE_OBJC_ARC = YES;
				CLANG_WARN_BOOL_CONVERSION = YES;
				CLANG_WARN_CONSTANT_CONVERSION = YES;
				CLANG_WARN_DIRECT_OBJC_ISA_USAGE = YES_ERROR;
				CLANG_WARN_EMPTY_BODY = YES;
				CLANG_WARN_ENUM_CONVERSION = YES;
				CLANG_WARN_INT_CONVERSION = YES;
				CLANG_WARN_OBJC_ROOT_CLASS = YES_ERROR;
				CLANG_WARN__DUPLICATE_METHOD_MATCH = YES;
				"CODE_SIGN_IDENTITY[sdk=iphoneos*]" = "iPhone Developer";
				COPY_PHASE_STRIP = NO;
				GCC_C_LANGUAGE_STANDARD = gnu99;
				GCC_DYNAMIC_NO_PIC = NO;
				GCC_OPTIMIZATION_LEVEL = 0;
				GCC_PREPROCESSOR_DEFINITIONS = (
					"DEBUG=1",
					"$(inherited)",
				);
				GCC_SYMBOLS_PRIVATE_EXTERN = NO;
				GCC_WARN_64_TO_32_BIT_CONVERSION = YES;
				GCC_WARN_ABOUT_RETURN_TYPE = YES_ERROR;
				GCC_WARN_UNDECLARED_SELECTOR = YES;
				GCC_WARN_UNINITIALIZED_AUTOS = YES_AGGRESSIVE;
				GCC_WARN_UNUSED_FUNCTION = YES;
				GCC_WARN_UNUSED_VARIABLE = YES;
				IPHONEOS_DEPLOYMENT_TARGET = 7.1;
				ONLY_ACTIVE_ARCH = YES;
				SDKROOT = iphoneos;
			};
			name = Debug;
		};
		D66FBFFC18FC5F5B0059D1E2 /* Release */ = {
			isa = XCBuildConfiguration;
			buildSettings = {
				ALWAYS_SEARCH_USER_PATHS = NO;
				CLANG_CXX_LANGUAGE_STANDARD = "gnu++0x";
				CLANG_CXX_LIBRARY = "libc++";
				CLANG_ENABLE_MODULES = YES;
				CLANG_ENABLE_OBJC_ARC = YES;
				CLANG_WARN_BOOL_CONVERSION = YES;
				CLANG_WARN_CONSTANT_CONVERSION = YES;
				CLANG_WARN_DIRECT_OBJC_ISA_USAGE = YES_ERROR;
				CLANG_WARN_EMPTY_BODY = YES;
				CLANG_WARN_ENUM_CONVERSION = YES;
				CLANG_WARN_INT_CONVERSION = YES;
				CLANG_WARN_OBJC_ROOT_CLASS = YES_ERROR;
				CLANG_WARN__DUPLICATE_METHOD_MATCH = YES;
				"CODE_SIGN_IDENTITY[sdk=iphoneos*]" = "iPhone Developer";
				COPY_PHASE_STRIP = YES;
				ENABLE_NS_ASSERTIONS = NO;
				GCC_C_LANGUAGE_STANDARD = gnu99;
				GCC_WARN_64_TO_32_BIT_CONVERSION = YES;
				GCC_WARN_ABOUT_RETURN_TYPE = YES_ERROR;
				GCC_WARN_UNDECLARED_SELECTOR = YES;
				GCC_WARN_UNINITIALIZED_AUTOS = YES_AGGRESSIVE;
				GCC_WARN_UNUSED_FUNCTION = YES;
				GCC_WARN_UNUSED_VARIABLE = YES;
				IPHONEOS_DEPLOYMENT_TARGET = 7.1;
				SDKROOT = iphoneos;
				VALIDATE_PRODUCT = YES;
			};
			name = Release;
		};
		D66FBFFE18FC5F5B0059D1E2 /* Debug */ = {
			isa = XCBuildConfiguration;
			buildSettings = {
				ASSETCATALOG_COMPILER_APPICON_NAME = AppIcon;
				ASSETCATALOG_COMPILER_LAUNCHIMAGE_NAME = LaunchImage;
				GCC_PRECOMPILE_PREFIX_HEADER = YES;
				GCC_PREFIX_HEADER = "autoLayoutDay1/autoLayoutDay1-Prefix.pch";
				INFOPLIST_FILE = "autoLayoutDay1/autoLayoutDay1-Info.plist";
				PRODUCT_NAME = "$(TARGET_NAME)";
				WRAPPER_EXTENSION = app;
			};
			name = Debug;
		};
		D66FBFFF18FC5F5B0059D1E2 /* Release */ = {
			isa = XCBuildConfiguration;
			buildSettings = {
				ASSETCATALOG_COMPILER_APPICON_NAME = AppIcon;
				ASSETCATALOG_COMPILER_LAUNCHIMAGE_NAME = LaunchImage;
				GCC_PRECOMPILE_PREFIX_HEADER = YES;
				GCC_PREFIX_HEADER = "autoLayoutDay1/autoLayoutDay1-Prefix.pch";
				INFOPLIST_FILE = "autoLayoutDay1/autoLayoutDay1-Info.plist";
				PRODUCT_NAME = "$(TARGET_NAME)";
				WRAPPER_EXTENSION = app;
			};
			name = Release;
		};
		D66FC00118FC5F5B0059D1E2 /* Debug */ = {
			isa = XCBuildConfiguration;
			buildSettings = {
				BUNDLE_LOADER = "$(BUILT_PRODUCTS_DIR)/autoLayoutDay1.app/autoLayoutDay1";
				FRAMEWORK_SEARCH_PATHS = (
					"$(SDKROOT)/Developer/Library/Frameworks",
					"$(inherited)",
					"$(DEVELOPER_FRAMEWORKS_DIR)",
				);
				GCC_PRECOMPILE_PREFIX_HEADER = YES;
				GCC_PREFIX_HEADER = "autoLayoutDay1/autoLayoutDay1-Prefix.pch";
				GCC_PREPROCESSOR_DEFINITIONS = (
					"DEBUG=1",
					"$(inherited)",
				);
				INFOPLIST_FILE = "autoLayoutDay1Tests/autoLayoutDay1Tests-Info.plist";
				PRODUCT_NAME = "$(TARGET_NAME)";
				TEST_HOST = "$(BUNDLE_LOADER)";
				WRAPPER_EXTENSION = xctest;
			};
			name = Debug;
		};
		D66FC00218FC5F5B0059D1E2 /* Release */ = {
			isa = XCBuildConfiguration;
			buildSettings = {
				BUNDLE_LOADER = "$(BUILT_PRODUCTS_DIR)/autoLayoutDay1.app/autoLayoutDay1";
				FRAMEWORK_SEARCH_PATHS = (
					"$(SDKROOT)/Developer/Library/Frameworks",
					"$(inherited)",
					"$(DEVELOPER_FRAMEWORKS_DIR)",
				);
				GCC_PRECOMPILE_PREFIX_HEADER = YES;
				GCC_PREFIX_HEADER = "autoLayoutDay1/autoLayoutDay1-Prefix.pch";
				INFOPLIST_FILE = "autoLayoutDay1Tests/autoLayoutDay1Tests-Info.plist";
				PRODUCT_NAME = "$(TARGET_NAME)";
				TEST_HOST = "$(BUNDLE_LOADER)";
				WRAPPER_EXTENSION = xctest;
			};
			name = Release;
		};
/* End XCBuildConfiguration section */

/* Begin XCConfigurationList section */
		D66FBFC618FC5F5B0059D1E2 /* Build configuration list for PBXProject "autoLayoutDay1" */ = {
			isa = XCConfigurationList;
			buildConfigurations = (
				D66FBFFB18FC5F5B0059D1E2 /* Debug */,
				D66FBFFC18FC5F5B0059D1E2 /* Release */,
			);
			defaultConfigurationIsVisible = 0;
			defaultConfigurationName = Release;
		};
		D66FBFFD18FC5F5B0059D1E2 /* Build configuration list for PBXNativeTarget "autoLayoutDay1" */ = {
			isa = XCConfigurationList;
			buildConfigurations = (
				D66FBFFE18FC5F5B0059D1E2 /* Debug */,
				D66FBFFF18FC5F5B0059D1E2 /* Release */,
			);
			defaultConfigurationIsVisible = 0;
		};
		D66FC00018FC5F5B0059D1E2 /* Build configuration list for PBXNativeTarget "autoLayoutDay1Tests" */ = {
			isa = XCConfigurationList;
			buildConfigurations = (
				D66FC00118FC5F5B0059D1E2 /* Debug */,
				D66FC00218FC5F5B0059D1E2 /* Release */,
			);
			defaultConfigurationIsVisible = 0;
		};
/* End XCConfigurationList section */
	};
	rootObject = D66FBFC318FC5F5B0059D1E2 /* Project object */;
}
